
Microsoft Visual Studio Solution File, Format Version 12.00
# Visual Studio 2012
Project("{FAE04EC0-301F-11D3-BF4B-00C04F79EFBC}") = "TwineDashboard", "TwineDashboard\TwineDashboard.csproj", "{4601E327-3F94-478C-994A-8F14B867F233}"
EndProject
Global
	GlobalSection(SolutionConfigurationPlatforms) = preSolution
		Debug|Any CPU = Debug|Any CPU
		Release|Any CPU = Release|Any CPU
	EndGlobalSection
	GlobalSection(ProjectConfigurationPlatforms) = postSolution
		{4601E327-3F94-478C-994A-8F14B867F233}.Debug|Any CPU.ActiveCfg = Debug|Any CPU
		{4601E327-3F94-478C-994A-8F14B867F233}.Debug|Any CPU.Build.0 = Debug|Any CPU
		{4601E327-3F94-478C-994A-8F14B867F233}.Release|Any CPU.ActiveCfg = Release|Any CPU
		{4601E327-3F94-478C-994A-8F14B867F233}.Release|Any CPU.Build.0 = Release|Any CPU
	EndGlobalSection
	GlobalSection(SolutionProperties) = preSolution
		HideSolutionNode = FALSE
	EndGlobalSection
EndGlobal
